
Microsoft Visual Studio Solution File, Format Version 12.00
# Visual Studio 14
VisualStudioVersion = 14.0.25123.0
MinimumVisualStudioVersion = 10.0.40219.1
Project("{FAE04EC0-301F-11D3-BF4B-00C04F79EFBC}") = "SampleWebApp", "SampleWebApp\SampleWebApp.csproj", "{E2AE8CE8-63E6-4361-85C3-053912EEB624}"
EndProject
Project("{E24C65DC-7377-472B-9ABA-BC803B73C61A}") = "app", "app\", "{D01E4B03-EF8C-4EFA-9CA5-008864FB30E6}"
	ProjectSection(WebsiteProperties) = preProject
		TargetFrameworkMoniker = ".NETFramework,Version%3Dv4.0"
		Debug.AspNetCompiler.VirtualPath = "/localhost_30037"
		Debug.AspNetCompiler.PhysicalPath = "app\"
		Debug.AspNetCompiler.TargetPath = "PrecompiledWeb\localhost_30037\"
		Debug.AspNetCompiler.Updateable = "true"
		Debug.AspNetCompiler.ForceOverwrite = "true"
		Debug.AspNetCompiler.FixedNames = "false"
		Debug.AspNetCompiler.Debug = "True"
		Release.AspNetCompiler.VirtualPath = "/localhost_30037"
		Release.AspNetCompiler.PhysicalPath = "app\"
		Release.AspNetCompiler.TargetPath = "PrecompiledWeb\localhost_30037\"
		Release.AspNetCompiler.Updateable = "true"
		Release.AspNetCompiler.ForceOverwrite = "true"
		Release.AspNetCompiler.FixedNames = "false"
		Release.AspNetCompiler.Debug = "False"
		VWDPort = "30037"
		SlnRelativePath = "app\"
	EndProjectSection
EndProject
Global
	GlobalSection(SolutionConfigurationPlatforms) = preSolution
		Debug|Any CPU = Debug|Any CPU
		Release|Any CPU = Release|Any CPU
	EndGlobalSection
	GlobalSection(ProjectConfigurationPlatforms) = postSolution
		{E2AE8CE8-63E6-4361-85C3-053912EEB624}.Debug|Any CPU.ActiveCfg = Debug|Any CPU
		{E2AE8CE8-63E6-4361-85C3-053912EEB624}.Debug|Any CPU.Build.0 = Debug|Any CPU
		{E2AE8CE8-63E6-4361-85C3-053912EEB624}.Release|Any CPU.ActiveCfg = Release|Any CPU
		{E2AE8CE8-63E6-4361-85C3-053912EEB624}.Release|Any CPU.Build.0 = Release|Any CPU
		{D01E4B03-EF8C-4EFA-9CA5-008864FB30E6}.Debug|Any CPU.ActiveCfg = Debug|Any CPU
		{D01E4B03-EF8C-4EFA-9CA5-008864FB30E6}.Debug|Any CPU.Build.0 = Debug|Any CPU
		{D01E4B03-EF8C-4EFA-9CA5-008864FB30E6}.Release|Any CPU.ActiveCfg = Debug|Any CPU
		{D01E4B03-EF8C-4EFA-9CA5-008864FB30E6}.Release|Any CPU.Build.0 = Debug|Any CPU
	EndGlobalSection
	GlobalSection(SolutionProperties) = preSolution
		HideSolutionNode = FALSE
	EndGlobalSection
	GlobalSection(ExtensibilityGlobals) = postSolution
		EnterpriseLibraryConfigurationToolBinariesPath = packages\Unity.2.1.505.2\lib\NET35;packages\Unity.Interception.2.1.505.2\lib\NET35;packages\EnterpriseLibrary.Common.5.0.505.0\lib\NET35;packages\EnterpriseLibrary.Logging.5.0.505.1\lib\NET35;packages\EnterpriseLibrary.Validation.5.0.505.0\lib\NET35
	EndGlobalSection
EndGlobal
